
Microsoft Visual Studio Solution File, Format Version 12.00
# Visual Studio Version 16
VisualStudioVersion = 16.0.30717.126
MinimumVisualStudioVersion = 10.0.40219.1
Project("{FAE04EC0-301F-11D3-BF4B-00C04F79EFBC}") = "mxDataFountain.Net472", "mxDataFountain.Net472\mxDataFountain.Net472.csproj", "{2FE306DE-B773-4DCC-AA19-BA6D4F2AF16C}"
EndProject
Project("{9A19103F-16F7-4668-BE54-9A1E7A4F7556}") = "ClassLibrary1", "ClassLibrary1\ClassLibrary1.csproj", "{A2DE4B0D-1C50-433D-A231-4DF7263F32E4}"
EndProject
Global
	GlobalSection(SolutionConfigurationPlatforms) = preSolution
		Debug|Any CPU = Debug|Any CPU
		Release|Any CPU = Release|Any CPU
	EndGlobalSection
	GlobalSection(ProjectConfigurationPlatforms) = postSolution
		{2FE306DE-B773-4DCC-AA19-BA6D4F2AF16C}.Debug|Any CPU.ActiveCfg = Debug|Any CPU
		{2FE306DE-B773-4DCC-AA19-BA6D4F2AF16C}.Debug|Any CPU.Build.0 = Debug|Any CPU
		{2FE306DE-B773-4DCC-AA19-BA6D4F2AF16C}.Release|Any CPU.ActiveCfg = Release|Any CPU
		{2FE306DE-B773-4DCC-AA19-BA6D4F2AF16C}.Release|Any CPU.Build.0 = Release|Any CPU
		{A2DE4B0D-1C50-433D-A231-4DF7263F32E4}.Debug|Any CPU.ActiveCfg = Debug|Any CPU
		{A2DE4B0D-1C50-433D-A231-4DF7263F32E4}.Debug|Any CPU.Build.0 = Debug|Any CPU
		{A2DE4B0D-1C50-433D-A231-4DF7263F32E4}.Release|Any CPU.ActiveCfg = Release|Any CPU
		{A2DE4B0D-1C50-433D-A231-4DF7263F32E4}.Release|Any CPU.Build.0 = Release|Any CPU
	EndGlobalSection
	GlobalSection(SolutionProperties) = preSolution
		HideSolutionNode = FALSE
	EndGlobalSection
	GlobalSection(ExtensibilityGlobals) = postSolution
		SolutionGuid = {202A9210-1B81-47BE-9592-2E7B89F6F264}
	EndGlobalSection
EndGlobal
